{
  "version": "4",
  "specifiers": {
    "npm:preact-render-to-string@^6.5.11": "npm:preact-render-to-string@6.5.11_preact@10.24.2",
    "npm:preact@^10.24.2": "npm:preact@10.24.2"
  },
  "npm": {
    "preact-render-to-string@6.5.11_preact@10.24.2": {
      "integrity": "sha512-ubnauqoGczeGISiOh6RjX0/cdaF8v/oDXIjO85XALCQjwQP+SB4RDXXtvZ6yTYSjG+PC1QRP2AhPgCEsM2EvUw==",
      "dependencies": [
        "preact"
      ]
    },
    "preact@10.24.2": {
      "integrity": "sha512-1cSoF0aCC8uaARATfrlz4VCBqE8LwZwRfLgkxJOQwAlQt6ayTmi0D9OF7nXid1POI5SZidFuG9CnlXbDfLqY/Q=="
    }
  },
  "workspace": {
    "dependencies": [
      "npm:preact-render-to-string@^6.5.11",
      "npm:preact@^10.24.2"
    ]
  }
}
